{
  "version": "4",
  "specifiers": {
    "jsr:@lambdaurora/libhtml@^1.2.3": "1.2.3",
    "jsr:@lambdaurora/libhtml@^1.3.1": "1.3.2",
    "jsr:@lambdaurora/libhtml@^1.3.2": "1.3.2",
    "jsr:@lambdaurora/libmd@^2.3.1": "2.3.1",
    "jsr:@std/fs@^1.0.9": "1.0.10",
    "jsr:@std/path@^1.0.8": "1.0.8"
  },
  "jsr": {
    "@lambdaurora/libhtml@1.2.3": {
      "integrity": "3016a55bcbaba217cd3f57961599b4de4a1445c291756803f68bb607024ad812"
    },
    "@lambdaurora/libhtml@1.3.2": {
      "integrity": "2230dcf67d148a3840efa07346befe8f9d2b8a921a9365f7e18c776862e31c83"
    },
    "@lambdaurora/libmd@2.3.1": {
      "integrity": "a49dc04e4314b09db3a649248e108f529a2cdd90e1cc813cbe1f6ace733f8354",
      "dependencies": [
        "jsr:@lambdaurora/libhtml@^1.3.1"
      ]
    },
    "@std/fs@1.0.10": {
      "integrity": "bf041f9d7a0a460817f0421be8946d0e06011b3433e6c83a215628de5e3c7c2c",
      "dependencies": [
        "jsr:@std/path"
      ]
    },
    "@std/path@1.0.8": {
      "integrity": "548fa456bb6a04d3c1a1e7477986b6cffbce95102d0bb447c67c4ee70e0364be"
    }
  },
  "workspace": {
    "dependencies": [
      "jsr:@lambdaurora/libhtml@^1.3.2",
      "jsr:@lambdaurora/libmd@^2.3.1",
      "jsr:@std/fs@^1.0.9"
    ]
  }
}
